
Microsoft Visual Studio Solution File, Format Version 12.00
# Visual Studio Version 16
VisualStudioVersion = 16.0.30128.74
MinimumVisualStudioVersion = 10.0.40219.1
Project("{2150E333-8FDC-42A3-9474-1A3956D46DE8}") = "Vehicles", "Vehicles", "{15AEBB19-07F4-47D4-A3E1-11C2EA109436}"
EndProject
Project("{9A19103F-16F7-4668-BE54-9A1E7A4F7556}") = "Teldat.Vehicles.Infrastructure", "Teldat.Vehicles.Infrastructure\Teldat.Vehicles.Infrastructure.csproj", "{9235BF24-CD0D-4669-A5CF-9E6CF4C50803}"
EndProject
Project("{9A19103F-16F7-4668-BE54-9A1E7A4F7556}") = "Teldat.Vehicles.Domain", "Teldat.Vehicles.Domain\Teldat.Vehicles.Domain.csproj", "{D41CB3E4-046C-420B-BD97-E693C4EEA6B3}"
EndProject
Project("{9A19103F-16F7-4668-BE54-9A1E7A4F7556}") = "Teldat.Vehicles.Api", "Teldat.Vehicles.Api\Teldat.Vehicles.Api.csproj", "{9EE2664F-9254-4AE3-A4B9-A81338F42EAA}"
EndProject
Project("{2150E333-8FDC-42A3-9474-1A3956D46DE8}") = "Radios", "Radios", "{CAD0EAFF-11C3-4722-B10D-ACDEF90DCD1E}"
EndProject
Project("{FAE04EC0-301F-11D3-BF4B-00C04F79EFBC}") = "Teldat.Radios.Api", "Teldat.Radios.Api\Teldat.Radios.Api.csproj", "{6BCD6EEE-1241-496A-8BFC-FA751232E40F}"
EndProject
Project("{FAE04EC0-301F-11D3-BF4B-00C04F79EFBC}") = "Teldat.Vehicles.ConsoleClient", "Teldat.Vehicles.ConsoleClient\Teldat.Vehicles.ConsoleClient.csproj", "{E07D14D7-097E-40F1-8625-72DBD424FEC0}"
EndProject
Global
	GlobalSection(SolutionConfigurationPlatforms) = preSolution
		Debug|Any CPU = Debug|Any CPU
		Release|Any CPU = Release|Any CPU
	EndGlobalSection
	GlobalSection(ProjectConfigurationPlatforms) = postSolution
		{9235BF24-CD0D-4669-A5CF-9E6CF4C50803}.Debug|Any CPU.ActiveCfg = Debug|Any CPU
		{9235BF24-CD0D-4669-A5CF-9E6CF4C50803}.Debug|Any CPU.Build.0 = Debug|Any CPU
		{9235BF24-CD0D-4669-A5CF-9E6CF4C50803}.Release|Any CPU.ActiveCfg = Release|Any CPU
		{9235BF24-CD0D-4669-A5CF-9E6CF4C50803}.Release|Any CPU.Build.0 = Release|Any CPU
		{D41CB3E4-046C-420B-BD97-E693C4EEA6B3}.Debug|Any CPU.ActiveCfg = Debug|Any CPU
		{D41CB3E4-046C-420B-BD97-E693C4EEA6B3}.Debug|Any CPU.Build.0 = Debug|Any CPU
		{D41CB3E4-046C-420B-BD97-E693C4EEA6B3}.Release|Any CPU.ActiveCfg = Release|Any CPU
		{D41CB3E4-046C-420B-BD97-E693C4EEA6B3}.Release|Any CPU.Build.0 = Release|Any CPU
		{9EE2664F-9254-4AE3-A4B9-A81338F42EAA}.Debug|Any CPU.ActiveCfg = Debug|Any CPU
		{9EE2664F-9254-4AE3-A4B9-A81338F42EAA}.Debug|Any CPU.Build.0 = Debug|Any CPU
		{9EE2664F-9254-4AE3-A4B9-A81338F42EAA}.Release|Any CPU.ActiveCfg = Release|Any CPU
		{9EE2664F-9254-4AE3-A4B9-A81338F42EAA}.Release|Any CPU.Build.0 = Release|Any CPU
		{6BCD6EEE-1241-496A-8BFC-FA751232E40F}.Debug|Any CPU.ActiveCfg = Debug|Any CPU
		{6BCD6EEE-1241-496A-8BFC-FA751232E40F}.Debug|Any CPU.Build.0 = Debug|Any CPU
		{6BCD6EEE-1241-496A-8BFC-FA751232E40F}.Release|Any CPU.ActiveCfg = Release|Any CPU
		{6BCD6EEE-1241-496A-8BFC-FA751232E40F}.Release|Any CPU.Build.0 = Release|Any CPU
		{E07D14D7-097E-40F1-8625-72DBD424FEC0}.Debug|Any CPU.ActiveCfg = Debug|Any CPU
		{E07D14D7-097E-40F1-8625-72DBD424FEC0}.Debug|Any CPU.Build.0 = Debug|Any CPU
		{E07D14D7-097E-40F1-8625-72DBD424FEC0}.Release|Any CPU.ActiveCfg = Release|Any CPU
		{E07D14D7-097E-40F1-8625-72DBD424FEC0}.Release|Any CPU.Build.0 = Release|Any CPU
	EndGlobalSection
	GlobalSection(SolutionProperties) = preSolution
		HideSolutionNode = FALSE
	EndGlobalSection
	GlobalSection(NestedProjects) = preSolution
		{9235BF24-CD0D-4669-A5CF-9E6CF4C50803} = {15AEBB19-07F4-47D4-A3E1-11C2EA109436}
		{D41CB3E4-046C-420B-BD97-E693C4EEA6B3} = {15AEBB19-07F4-47D4-A3E1-11C2EA109436}
		{9EE2664F-9254-4AE3-A4B9-A81338F42EAA} = {15AEBB19-07F4-47D4-A3E1-11C2EA109436}
		{6BCD6EEE-1241-496A-8BFC-FA751232E40F} = {CAD0EAFF-11C3-4722-B10D-ACDEF90DCD1E}
		{E07D14D7-097E-40F1-8625-72DBD424FEC0} = {15AEBB19-07F4-47D4-A3E1-11C2EA109436}
	EndGlobalSection
	GlobalSection(ExtensibilityGlobals) = postSolution
		SolutionGuid = {FA497193-D02A-43EA-A72C-55796E0F9C14}
	EndGlobalSection
EndGlobal
